
Microsoft Visual Studio Solution File, Format Version 12.00
# Visual Studio 2012
Project("{FAE04EC0-301F-11D3-BF4B-00C04F79EFBC}") = "hareNhounds", "hareNhounds\hareNhounds\hareNhounds.csproj", "{938ACB34-BE6A-41F8-8623-E57B7CF208A6}"
EndProject
Project("{96E2B04D-8817-42C6-938A-82C39BA4D311}") = "hareNhoundsContent", "hareNhounds\hareNhoundsContent\hareNhoundsContent.contentproj", "{C4E6A63B-FBCD-4944-B073-DD21C91D508B}"
EndProject
Global
	GlobalSection(SolutionConfigurationPlatforms) = preSolution
		Debug|x86 = Debug|x86
		Release|x86 = Release|x86
	EndGlobalSection
	GlobalSection(ProjectConfigurationPlatforms) = postSolution
		{938ACB34-BE6A-41F8-8623-E57B7CF208A6}.Debug|x86.ActiveCfg = Debug|x86
		{938ACB34-BE6A-41F8-8623-E57B7CF208A6}.Debug|x86.Build.0 = Debug|x86
		{938ACB34-BE6A-41F8-8623-E57B7CF208A6}.Release|x86.ActiveCfg = Release|x86
		{938ACB34-BE6A-41F8-8623-E57B7CF208A6}.Release|x86.Build.0 = Release|x86
		{C4E6A63B-FBCD-4944-B073-DD21C91D508B}.Debug|x86.ActiveCfg = Debug|x86
		{C4E6A63B-FBCD-4944-B073-DD21C91D508B}.Release|x86.ActiveCfg = Release|x86
	EndGlobalSection
	GlobalSection(SolutionProperties) = preSolution
		HideSolutionNode = FALSE
	EndGlobalSection
EndGlobal
